
Microsoft Visual Studio Solution File, Format Version 12.00
# Visual Studio Version 17
VisualStudioVersion = 17.7.34009.444
MinimumVisualStudioVersion = 10.0.40219.1
Project("{9A19103F-16F7-4668-BE54-9A1E7A4F7556}") = "JP_API", "JP_API\JP_API.csproj", "{EEA23B5B-4BAC-492B-B56A-43366E92931A}"
EndProject
Project("{2150E333-8FDC-42A3-9474-1A3956D46DE8}") = "1 - Api", "1 - Api", "{E8D15C5F-F873-4DA9-B3CB-80C534E82FE3}"
EndProject
Project("{2150E333-8FDC-42A3-9474-1A3956D46DE8}") = "2 - Application", "2 - Application", "{D2A9DFC9-DEE1-45D1-849E-08302CAB4D58}"
EndProject
Project("{2150E333-8FDC-42A3-9474-1A3956D46DE8}") = "3 - Domain", "3 - Domain", "{CA79C703-73EB-418B-9C09-7341E9BA55F6}"
EndProject
Project("{2150E333-8FDC-42A3-9474-1A3956D46DE8}") = "4 - Infra", "4 - Infra", "{BBC579D6-E651-4281-BE26-47D3064FE80A}"
EndProject
Project("{2150E333-8FDC-42A3-9474-1A3956D46DE8}") = "4.1 - Data", "4.1 - Data", "{822A2CB5-C57A-43FF-9E3D-183DA94454AD}"
EndProject
Project("{FAE04EC0-301F-11D3-BF4B-00C04F79EFBC}") = "Modelo.Infra", "Modelo_Infra\Modelo.Infra.csproj", "{818B5494-37F4-4434-A42C-C9B6C8C308E4}"
EndProject
Project("{FAE04EC0-301F-11D3-BF4B-00C04F79EFBC}") = "Modelo.Application", "Modelo.Application\Modelo.Application.csproj", "{536CE9E5-8BA2-44F7-B594-CB57DF39DC47}"
EndProject
Project("{FAE04EC0-301F-11D3-BF4B-00C04F79EFBC}") = "Modelo.Domain", "Modelo.Domain\Modelo.Domain.csproj", "{6483BD60-B23D-4B0C-A2E8-B654925F0CE5}"
EndProject
Project("{2150E333-8FDC-42A3-9474-1A3956D46DE8}") = "5 - Teste", "5 - Teste", "{422D80CE-93FD-41FE-87A7-5767D9FEFF4A}"
EndProject
Global
	GlobalSection(SolutionConfigurationPlatforms) = preSolution
		Debug|Any CPU = Debug|Any CPU
		Release|Any CPU = Release|Any CPU
	EndGlobalSection
	GlobalSection(ProjectConfigurationPlatforms) = postSolution
		{EEA23B5B-4BAC-492B-B56A-43366E92931A}.Debug|Any CPU.ActiveCfg = Debug|Any CPU
		{EEA23B5B-4BAC-492B-B56A-43366E92931A}.Debug|Any CPU.Build.0 = Debug|Any CPU
		{EEA23B5B-4BAC-492B-B56A-43366E92931A}.Release|Any CPU.ActiveCfg = Release|Any CPU
		{EEA23B5B-4BAC-492B-B56A-43366E92931A}.Release|Any CPU.Build.0 = Release|Any CPU
		{818B5494-37F4-4434-A42C-C9B6C8C308E4}.Debug|Any CPU.ActiveCfg = Debug|Any CPU
		{818B5494-37F4-4434-A42C-C9B6C8C308E4}.Debug|Any CPU.Build.0 = Debug|Any CPU
		{818B5494-37F4-4434-A42C-C9B6C8C308E4}.Release|Any CPU.ActiveCfg = Release|Any CPU
		{818B5494-37F4-4434-A42C-C9B6C8C308E4}.Release|Any CPU.Build.0 = Release|Any CPU
		{536CE9E5-8BA2-44F7-B594-CB57DF39DC47}.Debug|Any CPU.ActiveCfg = Debug|Any CPU
		{536CE9E5-8BA2-44F7-B594-CB57DF39DC47}.Debug|Any CPU.Build.0 = Debug|Any CPU
		{536CE9E5-8BA2-44F7-B594-CB57DF39DC47}.Release|Any CPU.ActiveCfg = Release|Any CPU
		{536CE9E5-8BA2-44F7-B594-CB57DF39DC47}.Release|Any CPU.Build.0 = Release|Any CPU
		{6483BD60-B23D-4B0C-A2E8-B654925F0CE5}.Debug|Any CPU.ActiveCfg = Debug|Any CPU
		{6483BD60-B23D-4B0C-A2E8-B654925F0CE5}.Debug|Any CPU.Build.0 = Debug|Any CPU
		{6483BD60-B23D-4B0C-A2E8-B654925F0CE5}.Release|Any CPU.ActiveCfg = Release|Any CPU
		{6483BD60-B23D-4B0C-A2E8-B654925F0CE5}.Release|Any CPU.Build.0 = Release|Any CPU
	EndGlobalSection
	GlobalSection(SolutionProperties) = preSolution
		HideSolutionNode = FALSE
	EndGlobalSection
	GlobalSection(NestedProjects) = preSolution
		{EEA23B5B-4BAC-492B-B56A-43366E92931A} = {E8D15C5F-F873-4DA9-B3CB-80C534E82FE3}
		{822A2CB5-C57A-43FF-9E3D-183DA94454AD} = {BBC579D6-E651-4281-BE26-47D3064FE80A}
		{818B5494-37F4-4434-A42C-C9B6C8C308E4} = {822A2CB5-C57A-43FF-9E3D-183DA94454AD}
		{536CE9E5-8BA2-44F7-B594-CB57DF39DC47} = {D2A9DFC9-DEE1-45D1-849E-08302CAB4D58}
		{6483BD60-B23D-4B0C-A2E8-B654925F0CE5} = {CA79C703-73EB-418B-9C09-7341E9BA55F6}
	EndGlobalSection
	GlobalSection(ExtensibilityGlobals) = postSolution
		SolutionGuid = {19DFD261-EDF1-430C-8765-A06E80A6A848}
	EndGlobalSection
EndGlobal
