
Microsoft Visual Studio Solution File, Format Version 12.00
# Visual Studio Version 17
VisualStudioVersion = 17.7.34009.444
MinimumVisualStudioVersion = 10.0.40219.1
Project("{FAE04EC0-301F-11D3-BF4B-00C04F79EFBC}") = "JP_API", "JP_API\JP_API.csproj", "{EEA23B5B-4BAC-492B-B56A-43366E92931A}"
EndProject
Global
	GlobalSection(SolutionConfigurationPlatforms) = preSolution
		Debug|Any CPU = Debug|Any CPU
		Release|Any CPU = Release|Any CPU
	EndGlobalSection
	GlobalSection(ProjectConfigurationPlatforms) = postSolution
		{EEA23B5B-4BAC-492B-B56A-43366E92931A}.Debug|Any CPU.ActiveCfg = Debug|Any CPU
		{EEA23B5B-4BAC-492B-B56A-43366E92931A}.Debug|Any CPU.Build.0 = Debug|Any CPU
		{EEA23B5B-4BAC-492B-B56A-43366E92931A}.Release|Any CPU.ActiveCfg = Release|Any CPU
		{EEA23B5B-4BAC-492B-B56A-43366E92931A}.Release|Any CPU.Build.0 = Release|Any CPU
	EndGlobalSection
	GlobalSection(SolutionProperties) = preSolution
		HideSolutionNode = FALSE
	EndGlobalSection
	GlobalSection(ExtensibilityGlobals) = postSolution
		SolutionGuid = {19DFD261-EDF1-430C-8765-A06E80A6A848}
	EndGlobalSection
EndGlobal
